
Microsoft Visual Studio Solution File, Format Version 12.00
# Visual Studio Version 16
VisualStudioVersion = 16.0.31019.35
MinimumVisualStudioVersion = 10.0.40219.1
Project("{FAE04EC0-301F-11D3-BF4B-00C04F79EFBC}") = "HW06", "HW06\HW06.csproj", "{222490F3-5D62-4BED-AD2C-C3200433D1C8}"
EndProject
Project("{9A19103F-16F7-4668-BE54-9A1E7A4F7556}") = "HW04", "HW05\HW04\HW04.csproj", "{070E258C-4818-4B62-B9EC-3F06BA8FE5D2}"
EndProject
Global
	GlobalSection(SolutionConfigurationPlatforms) = preSolution
		Debug|Any CPU = Debug|Any CPU
		Release|Any CPU = Release|Any CPU
	EndGlobalSection
	GlobalSection(ProjectConfigurationPlatforms) = postSolution
		{222490F3-5D62-4BED-AD2C-C3200433D1C8}.Debug|Any CPU.ActiveCfg = Debug|Any CPU
		{222490F3-5D62-4BED-AD2C-C3200433D1C8}.Debug|Any CPU.Build.0 = Debug|Any CPU
		{222490F3-5D62-4BED-AD2C-C3200433D1C8}.Release|Any CPU.ActiveCfg = Release|Any CPU
		{222490F3-5D62-4BED-AD2C-C3200433D1C8}.Release|Any CPU.Build.0 = Release|Any CPU
		{070E258C-4818-4B62-B9EC-3F06BA8FE5D2}.Debug|Any CPU.ActiveCfg = Debug|Any CPU
		{070E258C-4818-4B62-B9EC-3F06BA8FE5D2}.Debug|Any CPU.Build.0 = Debug|Any CPU
		{070E258C-4818-4B62-B9EC-3F06BA8FE5D2}.Release|Any CPU.ActiveCfg = Release|Any CPU
		{070E258C-4818-4B62-B9EC-3F06BA8FE5D2}.Release|Any CPU.Build.0 = Release|Any CPU
	EndGlobalSection
	GlobalSection(SolutionProperties) = preSolution
		HideSolutionNode = FALSE
	EndGlobalSection
	GlobalSection(ExtensibilityGlobals) = postSolution
		SolutionGuid = {F1F77A3F-9DA8-48CF-A00D-7582D8983DA5}
	EndGlobalSection
EndGlobal
